
Microsoft Visual Studio Solution File, Format Version 12.00
# Visual Studio Version 17
VisualStudioVersion = 17.5.2.0
MinimumVisualStudioVersion = 10.0.40219.1
Project("{FAE04EC0-301F-11D3-BF4B-00C04F79EFBC}") = "Compass", "Compass\Compass.csproj", "{9968DF07-0D35-FA93-EC75-393563357680}"
EndProject
Project("{FAE04EC0-301F-11D3-BF4B-00C04F79EFBC}") = "Compass.Tests", "Compass\Tests\Compass.Tests.csproj", "{95F7A6A7-5669-4B91-8D7B-5A6B69B24D1A}"
EndProject
Global
	GlobalSection(SolutionConfigurationPlatforms) = preSolution
		Debug|Any CPU = Debug|Any CPU
		Debug|x64 = Debug|x64
		Debug|x86 = Debug|x86
		Release|Any CPU = Release|Any CPU
		Release|x64 = Release|x64
		Release|x86 = Release|x86
	EndGlobalSection
	GlobalSection(ProjectConfigurationPlatforms) = postSolution
		{9968DF07-0D35-FA93-EC75-393563357680}.Debug|Any CPU.ActiveCfg = Debug|Any CPU
		{9968DF07-0D35-FA93-EC75-393563357680}.Debug|Any CPU.Build.0 = Debug|Any CPU
		{9968DF07-0D35-FA93-EC75-393563357680}.Debug|x64.ActiveCfg = Debug|Any CPU
		{9968DF07-0D35-FA93-EC75-393563357680}.Debug|x64.Build.0 = Debug|Any CPU
		{9968DF07-0D35-FA93-EC75-393563357680}.Debug|x86.ActiveCfg = Debug|Any CPU
		{9968DF07-0D35-FA93-EC75-393563357680}.Debug|x86.Build.0 = Debug|Any CPU
		{9968DF07-0D35-FA93-EC75-393563357680}.Release|Any CPU.ActiveCfg = Release|Any CPU
		{9968DF07-0D35-FA93-EC75-393563357680}.Release|Any CPU.Build.0 = Release|Any CPU
		{9968DF07-0D35-FA93-EC75-393563357680}.Release|x64.ActiveCfg = Release|Any CPU
		{9968DF07-0D35-FA93-EC75-393563357680}.Release|x64.Build.0 = Release|Any CPU
		{9968DF07-0D35-FA93-EC75-393563357680}.Release|x86.ActiveCfg = Release|Any CPU
		{9968DF07-0D35-FA93-EC75-393563357680}.Release|x86.Build.0 = Release|Any CPU
		{95F7A6A7-5669-4B91-8D7B-5A6B69B24D1A}.Debug|Any CPU.ActiveCfg = Debug|Any CPU
		{95F7A6A7-5669-4B91-8D7B-5A6B69B24D1A}.Debug|Any CPU.Build.0 = Debug|Any CPU
		{95F7A6A7-5669-4B91-8D7B-5A6B69B24D1A}.Debug|x64.ActiveCfg = Debug|Any CPU
		{95F7A6A7-5669-4B91-8D7B-5A6B69B24D1A}.Debug|x64.Build.0 = Debug|Any CPU
		{95F7A6A7-5669-4B91-8D7B-5A6B69B24D1A}.Debug|x86.ActiveCfg = Debug|Any CPU
		{95F7A6A7-5669-4B91-8D7B-5A6B69B24D1A}.Debug|x86.Build.0 = Debug|Any CPU
		{95F7A6A7-5669-4B91-8D7B-5A6B69B24D1A}.Release|Any CPU.ActiveCfg = Release|Any CPU
		{95F7A6A7-5669-4B91-8D7B-5A6B69B24D1A}.Release|Any CPU.Build.0 = Release|Any CPU
		{95F7A6A7-5669-4B91-8D7B-5A6B69B24D1A}.Release|x64.ActiveCfg = Release|Any CPU
		{95F7A6A7-5669-4B91-8D7B-5A6B69B24D1A}.Release|x64.Build.0 = Release|Any CPU
		{95F7A6A7-5669-4B91-8D7B-5A6B69B24D1A}.Release|x86.ActiveCfg = Release|Any CPU
		{95F7A6A7-5669-4B91-8D7B-5A6B69B24D1A}.Release|x86.Build.0 = Release|Any CPU
	EndGlobalSection
	GlobalSection(SolutionProperties) = preSolution
		HideSolutionNode = FALSE
	EndGlobalSection
	GlobalSection(ExtensibilityGlobals) = postSolution
		SolutionGuid = {F38C9D04-3927-4C01-822F-E68FE55A8800}
	EndGlobalSection
EndGlobal
